
Microsoft Visual Studio Solution File, Format Version 12.00
# Visual Studio Version 16
VisualStudioVersion = 16.0.31624.102
MinimumVisualStudioVersion = 10.0.40219.1
Project("{FAE04EC0-301F-11D3-BF4B-00C04F79EFBC}") = "Server", "KrestikiNolikiWithServer\Server.csproj", "{B8E659BF-BC21-487F-B6E5-0B1EBE99DC31}"
EndProject
Project("{FAE04EC0-301F-11D3-BF4B-00C04F79EFBC}") = "Client", "Client\Client.csproj", "{5E6E4BC6-48AB-41D3-81D7-30F56E111CB0}"
EndProject
Global
	GlobalSection(SolutionConfigurationPlatforms) = preSolution
		Debug|Any CPU = Debug|Any CPU
		Release|Any CPU = Release|Any CPU
	EndGlobalSection
	GlobalSection(ProjectConfigurationPlatforms) = postSolution
		{B8E659BF-BC21-487F-B6E5-0B1EBE99DC31}.Debug|Any CPU.ActiveCfg = Debug|Any CPU
		{B8E659BF-BC21-487F-B6E5-0B1EBE99DC31}.Debug|Any CPU.Build.0 = Debug|Any CPU
		{B8E659BF-BC21-487F-B6E5-0B1EBE99DC31}.Release|Any CPU.ActiveCfg = Release|Any CPU
		{B8E659BF-BC21-487F-B6E5-0B1EBE99DC31}.Release|Any CPU.Build.0 = Release|Any CPU
		{5E6E4BC6-48AB-41D3-81D7-30F56E111CB0}.Debug|Any CPU.ActiveCfg = Debug|Any CPU
		{5E6E4BC6-48AB-41D3-81D7-30F56E111CB0}.Debug|Any CPU.Build.0 = Debug|Any CPU
		{5E6E4BC6-48AB-41D3-81D7-30F56E111CB0}.Release|Any CPU.ActiveCfg = Release|Any CPU
		{5E6E4BC6-48AB-41D3-81D7-30F56E111CB0}.Release|Any CPU.Build.0 = Release|Any CPU
	EndGlobalSection
	GlobalSection(SolutionProperties) = preSolution
		HideSolutionNode = FALSE
	EndGlobalSection
	GlobalSection(ExtensibilityGlobals) = postSolution
		SolutionGuid = {0B7BFD94-D52E-40E2-97C2-058D18295C42}
	EndGlobalSection
EndGlobal
